<?xml version="1.0" encoding="UTF-8" standalone="yes" ?>
<CodeBlocks_project_file>
	<FileVersion major="1" minor="6" />
	<Project>
		<Option title="wxToolBoxMinimal" />
		<Option pch_mode="2" />
		<Option compiler="gcc" />
		<Build>
			<Target title="Debug">
				<Option output="..\bin\wxToolBoxMinimal.exe" prefix_auto="1" extension_auto="1" />
				<Option object_output="obj\Debug\" />
				<Option type="0" />
				<Option compiler="gcc" />
				<Option projectLinkerOptionsRelation="2" />
				<Compiler>
					<Add option="-g" />
					<Add option="-D__WXDEBUG__" />
					<Add directory="$(WXWIN)\lib\gcc_lib\mswud" />
				</Compiler>
				<ResourceCompiler>
					<Add directory="$(WXWIN)\lib\gcc_lib\mswud" />
				</ResourceCompiler>
				<Linker>
					<Add library="libwxmsw28_toolbox.a" />
					<Add library="libwxFlatNotebook.a" />
					<Add library="libwxmsw28ud_adv.a" />
					<Add library="libwxmsw28ud_core.a" />
					<Add library="libwxbase28ud_xml.a" />
					<Add library="libwxbase28ud.a" />
					<Add library="libwxpngd.a" />
					<Add library="libwxjpegd.a" />
					<Add library="libwxzlibd.a" />
					<Add library="libwxexpatd.a" />
					<Add directory="$(WXWIN)\lib\gcc_lib" />
				</Linker>
			</Target>
			<Target title="Release">
				<Option output="..\bin\wxToolBoxMinimal.exe" prefix_auto="1" extension_auto="1" />
				<Option object_output="obj\Release\" />
				<Option type="0" />
				<Option compiler="gcc" />
				<Option projectLinkerOptionsRelation="2" />
				<Compiler>
					<Add option="-O2" />
					<Add directory="$(WXWIN)\lib\gcc_lib\mswu" />
				</Compiler>
				<ResourceCompiler>
					<Add directory="$(WXWIN)\lib\gcc_lib\mswu" />
				</ResourceCompiler>
				<Linker>
					<Add option="-s" />
					<Add library="libwxmsw28_toolbox.a" />
					<Add library="libwxFlatNotebook.a" />
					<Add library="libwxmsw28u_adv.a" />
					<Add library="libwxmsw28u_core.a" />
					<Add library="libwxbase28u_xml.a" />
					<Add library="libwxbase28u.a" />
					<Add library="libwxpng.a" />
					<Add library="libwxjpeg.a" />
					<Add library="libwxzlib.a" />
					<Add library="libwxexpat.a" />
					<Add directory="$(WXWIN)\lib\gcc_lib" />
				</Linker>
			</Target>
		</Build>
		<Compiler>
			<Add option="-Wall" />
			<Add option="-pipe" />
			<Add option="-mthreads" />
			<Add option="-D__GNUWIN32__" />
			<Add option="-D__WXMSW__" />
			<Add option="-DwxUSE_UNICODE" />
			<Add directory="$(WXWIN)\include" />
			<Add directory="$(WXWIN)\contrib\include" />
			<Add directory="..\..\..\include" />
		</Compiler>
		<ResourceCompiler>
			<Add directory="$(WXWIN)\include" />
		</ResourceCompiler>
		<Linker>
			<Add library="libkernel32.a" />
			<Add library="libuser32.a" />
			<Add library="libgdi32.a" />
			<Add library="libwinspool.a" />
			<Add library="libcomdlg32.a" />
			<Add library="libadvapi32.a" />
			<Add library="libshell32.a" />
			<Add library="libole32.a" />
			<Add library="liboleaut32.a" />
			<Add library="libuuid.a" />
			<Add library="libcomctl32.a" />
			<Add library="libwsock32.a" />
			<Add library="libodbc32.a" />
			<Add directory="..\..\..\build\wxToolBox" />
			<Add directory="..\..\..\build\wxFlatNotebook" />
		</Linker>
		<Unit filename="wxToolBoxMinimal.cpp" />
		<Extensions>
			<code_completion />
		</Extensions>
	</Project>
</CodeBlocks_project_file>
